
Microsoft Visual Studio Solution File, Format Version 12.00
# Visual Studio 15
VisualStudioVersion = 15.0.26124.0
MinimumVisualStudioVersion = 15.0.26124.0
Project("{FAE04EC0-301F-11D3-BF4B-00C04F79EFBC}") = "Todo.Domain", "Todo.Domain\Todo.Domain.csproj", "{618931FE-96AA-4871-97AC-1ABDB75953BC}"
EndProject
Project("{FAE04EC0-301F-11D3-BF4B-00C04F79EFBC}") = "Todo.Domain.Api", "Todo.Domain.Api\Todo.Domain.Api.csproj", "{356C5C5E-25E1-46EC-AB9E-F153FB625D80}"
EndProject
Project("{FAE04EC0-301F-11D3-BF4B-00C04F79EFBC}") = "Todo.Domain.Infra", "Todo.Domain.Infra\Todo.Domain.Infra.csproj", "{9DCAA71E-3381-475F-98D4-784E1CEB0649}"
EndProject
Project("{FAE04EC0-301F-11D3-BF4B-00C04F79EFBC}") = "Todo.Domain.Tests", "Todo.Domain.Tests\Todo.Domain.Tests.csproj", "{8B919467-0CB4-4C2D-888B-EDF86DAF29B0}"
EndProject
Global
	GlobalSection(SolutionConfigurationPlatforms) = preSolution
		Debug|Any CPU = Debug|Any CPU
		Debug|x64 = Debug|x64
		Debug|x86 = Debug|x86
		Release|Any CPU = Release|Any CPU
		Release|x64 = Release|x64
		Release|x86 = Release|x86
	EndGlobalSection
	GlobalSection(SolutionProperties) = preSolution
		HideSolutionNode = FALSE
	EndGlobalSection
	GlobalSection(ProjectConfigurationPlatforms) = postSolution
		{618931FE-96AA-4871-97AC-1ABDB75953BC}.Debug|Any CPU.ActiveCfg = Debug|Any CPU
		{618931FE-96AA-4871-97AC-1ABDB75953BC}.Debug|Any CPU.Build.0 = Debug|Any CPU
		{618931FE-96AA-4871-97AC-1ABDB75953BC}.Debug|x64.ActiveCfg = Debug|Any CPU
		{618931FE-96AA-4871-97AC-1ABDB75953BC}.Debug|x64.Build.0 = Debug|Any CPU
		{618931FE-96AA-4871-97AC-1ABDB75953BC}.Debug|x86.ActiveCfg = Debug|Any CPU
		{618931FE-96AA-4871-97AC-1ABDB75953BC}.Debug|x86.Build.0 = Debug|Any CPU
		{618931FE-96AA-4871-97AC-1ABDB75953BC}.Release|Any CPU.ActiveCfg = Release|Any CPU
		{618931FE-96AA-4871-97AC-1ABDB75953BC}.Release|Any CPU.Build.0 = Release|Any CPU
		{618931FE-96AA-4871-97AC-1ABDB75953BC}.Release|x64.ActiveCfg = Release|Any CPU
		{618931FE-96AA-4871-97AC-1ABDB75953BC}.Release|x64.Build.0 = Release|Any CPU
		{618931FE-96AA-4871-97AC-1ABDB75953BC}.Release|x86.ActiveCfg = Release|Any CPU
		{618931FE-96AA-4871-97AC-1ABDB75953BC}.Release|x86.Build.0 = Release|Any CPU
		{356C5C5E-25E1-46EC-AB9E-F153FB625D80}.Debug|Any CPU.ActiveCfg = Debug|Any CPU
		{356C5C5E-25E1-46EC-AB9E-F153FB625D80}.Debug|Any CPU.Build.0 = Debug|Any CPU
		{356C5C5E-25E1-46EC-AB9E-F153FB625D80}.Debug|x64.ActiveCfg = Debug|Any CPU
		{356C5C5E-25E1-46EC-AB9E-F153FB625D80}.Debug|x64.Build.0 = Debug|Any CPU
		{356C5C5E-25E1-46EC-AB9E-F153FB625D80}.Debug|x86.ActiveCfg = Debug|Any CPU
		{356C5C5E-25E1-46EC-AB9E-F153FB625D80}.Debug|x86.Build.0 = Debug|Any CPU
		{356C5C5E-25E1-46EC-AB9E-F153FB625D80}.Release|Any CPU.ActiveCfg = Release|Any CPU
		{356C5C5E-25E1-46EC-AB9E-F153FB625D80}.Release|Any CPU.Build.0 = Release|Any CPU
		{356C5C5E-25E1-46EC-AB9E-F153FB625D80}.Release|x64.ActiveCfg = Release|Any CPU
		{356C5C5E-25E1-46EC-AB9E-F153FB625D80}.Release|x64.Build.0 = Release|Any CPU
		{356C5C5E-25E1-46EC-AB9E-F153FB625D80}.Release|x86.ActiveCfg = Release|Any CPU
		{356C5C5E-25E1-46EC-AB9E-F153FB625D80}.Release|x86.Build.0 = Release|Any CPU
		{9DCAA71E-3381-475F-98D4-784E1CEB0649}.Debug|Any CPU.ActiveCfg = Debug|Any CPU
		{9DCAA71E-3381-475F-98D4-784E1CEB0649}.Debug|Any CPU.Build.0 = Debug|Any CPU
		{9DCAA71E-3381-475F-98D4-784E1CEB0649}.Debug|x64.ActiveCfg = Debug|Any CPU
		{9DCAA71E-3381-475F-98D4-784E1CEB0649}.Debug|x64.Build.0 = Debug|Any CPU
		{9DCAA71E-3381-475F-98D4-784E1CEB0649}.Debug|x86.ActiveCfg = Debug|Any CPU
		{9DCAA71E-3381-475F-98D4-784E1CEB0649}.Debug|x86.Build.0 = Debug|Any CPU
		{9DCAA71E-3381-475F-98D4-784E1CEB0649}.Release|Any CPU.ActiveCfg = Release|Any CPU
		{9DCAA71E-3381-475F-98D4-784E1CEB0649}.Release|Any CPU.Build.0 = Release|Any CPU
		{9DCAA71E-3381-475F-98D4-784E1CEB0649}.Release|x64.ActiveCfg = Release|Any CPU
		{9DCAA71E-3381-475F-98D4-784E1CEB0649}.Release|x64.Build.0 = Release|Any CPU
		{9DCAA71E-3381-475F-98D4-784E1CEB0649}.Release|x86.ActiveCfg = Release|Any CPU
		{9DCAA71E-3381-475F-98D4-784E1CEB0649}.Release|x86.Build.0 = Release|Any CPU
		{8B919467-0CB4-4C2D-888B-EDF86DAF29B0}.Debug|Any CPU.ActiveCfg = Debug|Any CPU
		{8B919467-0CB4-4C2D-888B-EDF86DAF29B0}.Debug|Any CPU.Build.0 = Debug|Any CPU
		{8B919467-0CB4-4C2D-888B-EDF86DAF29B0}.Debug|x64.ActiveCfg = Debug|Any CPU
		{8B919467-0CB4-4C2D-888B-EDF86DAF29B0}.Debug|x64.Build.0 = Debug|Any CPU
		{8B919467-0CB4-4C2D-888B-EDF86DAF29B0}.Debug|x86.ActiveCfg = Debug|Any CPU
		{8B919467-0CB4-4C2D-888B-EDF86DAF29B0}.Debug|x86.Build.0 = Debug|Any CPU
		{8B919467-0CB4-4C2D-888B-EDF86DAF29B0}.Release|Any CPU.ActiveCfg = Release|Any CPU
		{8B919467-0CB4-4C2D-888B-EDF86DAF29B0}.Release|Any CPU.Build.0 = Release|Any CPU
		{8B919467-0CB4-4C2D-888B-EDF86DAF29B0}.Release|x64.ActiveCfg = Release|Any CPU
		{8B919467-0CB4-4C2D-888B-EDF86DAF29B0}.Release|x64.Build.0 = Release|Any CPU
		{8B919467-0CB4-4C2D-888B-EDF86DAF29B0}.Release|x86.ActiveCfg = Release|Any CPU
		{8B919467-0CB4-4C2D-888B-EDF86DAF29B0}.Release|x86.Build.0 = Release|Any CPU
	EndGlobalSection
EndGlobal
